// !$*UTF8*$!
{
	archiveVersion = 1;
	classes = {
	};
	objectVersion = 46;
	objects = {

/* Begin PBXBuildFile section */
		AAB352B91D7019CA0087606B /* main.m in Sources */ = {isa = PBXBuildFile; fileRef = AAB352B81D7019CA0087606B /* main.m */; };
		AAB352BC1D7019CA0087606B /* AppDelegate.m in Sources */ = {isa = PBXBuildFile; fileRef = AAB352BB1D7019CA0087606B /* AppDelegate.m */; };
		AAB352BF1D7019CA0087606B /* ViewController.m in Sources */ = {isa = PBXBuildFile; fileRef = AAB352BE1D7019CA0087606B /* ViewController.m */; };
		AAB352C21D7019CA0087606B /* Main.storyboard in Resources */ = {isa = PBXBuildFile; fileRef = AAB352C01D7019CA0087606B /* Main.storyboard */; };
		AAB352C41D7019CA0087606B /* Assets.xcassets in Resources */ = {isa = PBXBuildFile; fileRef = AAB352C31D7019CA0087606B /* Assets.xcassets */; };
		AAB352C71D7019CA0087606B /* LaunchScreen.storyboard in Resources */ = {isa = PBXBuildFile; fileRef = AAB352C51D7019CA0087606B /* LaunchScreen.storyboard */; };
		AAB352D21D7019CA0087606B /* JBDropDownTableViewControllerTests.m in Sources */ = {isa = PBXBuildFile; fileRef = AAB352D11D7019CA0087606B /* JBDropDownTableViewControllerTests.m */; };
		AAB352DD1D7019CA0087606B /* JBDropDownTableViewControllerUITests.m in Sources */ = {isa = PBXBuildFile; fileRef = AAB352DC1D7019CA0087606B /* JBDropDownTableViewControllerUITests.m */; };
		AAB352EC1D701A0A0087606B /* JBDropDownTableViewController.m in Sources */ = {isa = PBXBuildFile; fileRef = AAB352EB1D701A0A0087606B /* JBDropDownTableViewController.m */; };
		AAB352EF1D70284D0087606B /* SDAttachCell.m in Sources */ = {isa = PBXBuildFile; fileRef = AAB352ED1D70284D0087606B /* SDAttachCell.m */; };
/* End PBXBuildFile section */

/* Begin PBXContainerItemProxy section */
		AAB352CE1D7019CA0087606B /* PBXContainerItemProxy */ = {
			isa = PBXContainerItemProxy;
			containerPortal = AAB352AC1D7019CA0087606B /* Project object */;
			proxyType = 1;
			remoteGlobalIDString = AAB352B31D7019CA0087606B;
			remoteInfo = JBDropDownTableViewController;
		};
		AAB352D91D7019CA0087606B /* PBXContainerItemProxy */ = {
			isa = PBXContainerItemProxy;
			containerPortal = AAB352AC1D7019CA0087606B /* Project object */;
			proxyType = 1;
			remoteGlobalIDString = AAB352B31D7019CA0087606B;
			remoteInfo = JBDropDownTableViewController;
		};
/* End PBXContainerItemProxy section */

/* Begin PBXFileReference section */
		AAB352B41D7019CA0087606B /* JBDropDownTableViewController.app */ = {isa = PBXFileReference; explicitFileType = wrapper.application; includeInIndex = 0; path = JBDropDownTableViewController.app; sourceTree = BUILT_PRODUCTS_DIR; };
		AAB352B81D7019CA0087606B /* main.m */ = {isa = PBXFileReference; lastKnownFileType = sourcecode.c.objc; path = main.m; sourceTree = "<group>"; };
		AAB352BA1D7019CA0087606B /* AppDelegate.h */ = {isa = PBXFileReference; lastKnownFileType = sourcecode.c.h; path = AppDelegate.h; sourceTree = "<group>"; };
		AAB352BB1D7019CA0087606B /* AppDelegate.m */ = {isa = PBXFileReference; lastKnownFileType = sourcecode.c.objc; path = AppDelegate.m; sourceTree = "<group>"; };
		AAB352BD1D7019CA0087606B /* ViewController.h */ = {isa = PBXFileReference; lastKnownFileType = sourcecode.c.h; path = ViewController.h; sourceTree = "<group>"; };
		AAB352BE1D7019CA0087606B /* ViewController.m */ = {isa = PBXFileReference; lastKnownFileType = sourcecode.c.objc; path = ViewController.m; sourceTree = "<group>"; };
		AAB352C11D7019CA0087606B /* Base */ = {isa = PBXFileReference; lastKnownFileType = file.storyboard; name = Base; path = Base.lproj/Main.storyboard; sourceTree = "<group>"; };
		AAB352C31D7019CA0087606B /* Assets.xcassets */ = {isa = PBXFileReference; lastKnownFileType = folder.assetcatalog; path = Assets.xcassets; sourceTree = "<group>"; };
		AAB352C61D7019CA0087606B /* Base */ = {isa = PBXFileReference; lastKnownFileType = file.storyboard; name = Base; path = Base.lproj/LaunchScreen.storyboard; sourceTree = "<group>"; };
		AAB352C81D7019CA0087606B /* Info.plist */ = {isa = PBXFileReference; lastKnownFileType = text.plist.xml; path = Info.plist; sourceTree = "<group>"; };
		AAB352CD1D7019CA0087606B /* JBDropDownTableViewControllerTests.xctest */ = {isa = PBXFileReference; explicitFileType = wrapper.cfbundle; includeInIndex = 0; path = JBDropDownTableViewControllerTests.xctest; sourceTree = BUILT_PRODUCTS_DIR; };
		AAB352D11D7019CA0087606B /* JBDropDownTableViewControllerTests.m */ = {isa = PBXFileReference; lastKnownFileType = sourcecode.c.objc; path = JBDropDownTableViewControllerTests.m; sourceTree = "<group>"; };
		AAB352D31D7019CA0087606B /* Info.plist */ = {isa = PBXFileReference; lastKnownFileType = text.plist.xml; path = Info.plist; sourceTree = "<group>"; };
		AAB352D81D7019CA0087606B /* JBDropDownTableViewControllerUITests.xctest */ = {isa = PBXFileReference; explicitFileType = wrapper.cfbundle; includeInIndex = 0; path = JBDropDownTableViewControllerUITests.xctest; sourceTree = BUILT_PRODUCTS_DIR; };
		AAB352DC1D7019CA0087606B /* JBDropDownTableViewControllerUITests.m */ = {isa = PBXFileReference; lastKnownFileType = sourcecode.c.objc; path = JBDropDownTableViewControllerUITests.m; sourceTree = "<group>"; };
		AAB352DE1D7019CA0087606B /* Info.plist */ = {isa = PBXFileReference; lastKnownFileType = text.plist.xml; path = Info.plist; sourceTree = "<group>"; };
		AAB352EA1D701A0A0087606B /* JBDropDownTableViewController.h */ = {isa = PBXFileReference; fileEncoding = 4; lastKnownFileType = sourcecode.c.h; path = JBDropDownTableViewController.h; sourceTree = "<group>"; };
		AAB352EB1D701A0A0087606B /* JBDropDownTableViewController.m */ = {isa = PBXFileReference; fileEncoding = 4; lastKnownFileType = sourcecode.c.objc; path = JBDropDownTableViewController.m; sourceTree = "<group>"; };
		AAB352ED1D70284D0087606B /* SDAttachCell.m */ = {isa = PBXFileReference; fileEncoding = 4; lastKnownFileType = sourcecode.c.objc; path = SDAttachCell.m; sourceTree = "<group>"; };
		AAB352EE1D70284D0087606B /* SDAttachCell.h */ = {isa = PBXFileReference; fileEncoding = 4; lastKnownFileType = sourcecode.c.h; path = SDAttachCell.h; sourceTree = "<group>"; };
/* End PBXFileReference section */

/* Begin PBXFrameworksBuildPhase section */
		AAB352B11D7019CA0087606B /* Frameworks */ = {
			isa = PBXFrameworksBuildPhase;
			buildActionMask = 2147483647;
			files = (
			);
			runOnlyForDeploymentPostprocessing = 0;
		};
		AAB352CA1D7019CA0087606B /* Frameworks */ = {
			isa = PBXFrameworksBuildPhase;
			buildActionMask = 2147483647;
			files = (
			);
			runOnlyForDeploymentPostprocessing = 0;
		};
		AAB352D51D7019CA0087606B /* Frameworks */ = {
			isa = PBXFrameworksBuildPhase;
			buildActionMask = 2147483647;
			files = (
			);
			runOnlyForDeploymentPostprocessing = 0;
		};
/* End PBXFrameworksBuildPhase section */

/* Begin PBXGroup section */
		AAB352AB1D7019CA0087606B = {
			isa = PBXGroup;
			children = (
				AAB352B61D7019CA0087606B /* JBDropDownTableViewController */,
				AAB352D01D7019CA0087606B /* JBDropDownTableViewControllerTests */,
				AAB352DB1D7019CA0087606B /* JBDropDownTableViewControllerUITests */,
				AAB352B51D7019CA0087606B /* Products */,
			);
			sourceTree = "<group>";
		};
		AAB352B51D7019CA0087606B /* Products */ = {
			isa = PBXGroup;
			children = (
				AAB352B41D7019CA0087606B /* JBDropDownTableViewController.app */,
				AAB352CD1D7019CA0087606B /* JBDropDownTableViewControllerTests.xctest */,
				AAB352D81D7019CA0087606B /* JBDropDownTableViewControllerUITests.xctest */,
			);
			name = Products;
			sourceTree = "<group>";
		};
		AAB352B61D7019CA0087606B /* JBDropDownTableViewController */ = {
			isa = PBXGroup;
			children = (
				AAB352BA1D7019CA0087606B /* AppDelegate.h */,
				AAB352BB1D7019CA0087606B /* AppDelegate.m */,
				AAB352EA1D701A0A0087606B /* JBDropDownTableViewController.h */,
				AAB352EB1D701A0A0087606B /* JBDropDownTableViewController.m */,
				AAB352ED1D70284D0087606B /* SDAttachCell.m */,
				AAB352EE1D70284D0087606B /* SDAttachCell.h */,
				AAB352BD1D7019CA0087606B /* ViewController.h */,
				AAB352BE1D7019CA0087606B /* ViewController.m */,
				AAB352C01D7019CA0087606B /* Main.storyboard */,
				AAB352C31D7019CA0087606B /* Assets.xcassets */,
				AAB352C51D7019CA0087606B /* LaunchScreen.storyboard */,
				AAB352C81D7019CA0087606B /* Info.plist */,
				AAB352B71D7019CA0087606B /* Supporting Files */,
			);
			path = JBDropDownTableViewController;
			sourceTree = "<group>";
		};
		AAB352B71D7019CA0087606B /* Supporting Files */ = {
			isa = PBXGroup;
			children = (
				AAB352B81D7019CA0087606B /* main.m */,
			);
			name = "Supporting Files";
			sourceTree = "<group>";
		};
		AAB352D01D7019CA0087606B /* JBDropDownTableViewControllerTests */ = {
			isa = PBXGroup;
			children = (
				AAB352D11D7019CA0087606B /* JBDropDownTableViewControllerTests.m */,
				AAB352D31D7019CA0087606B /* Info.plist */,
			);
			path = JBDropDownTableViewControllerTests;
			sourceTree = "<group>";
		};
		AAB352DB1D7019CA0087606B /* JBDropDownTableViewControllerUITests */ = {
			isa = PBXGroup;
			children = (
				AAB352DC1D7019CA0087606B /* JBDropDownTableViewControllerUITests.m */,
				AAB352DE1D7019CA0087606B /* Info.plist */,
			);
			path = JBDropDownTableViewControllerUITests;
			sourceTree = "<group>";
		};
/* End PBXGroup section */

/* Begin PBXNativeTarget section */
		AAB352B31D7019CA0087606B /* JBDropDownTableViewController */ = {
			isa = PBXNativeTarget;
			buildConfigurationList = AAB352E11D7019CA0087606B /* Build configuration list for PBXNativeTarget "JBDropDownTableViewController" */;
			buildPhases = (
				AAB352B01D7019CA0087606B /* Sources */,
				AAB352B11D7019CA0087606B /* Frameworks */,
				AAB352B21D7019CA0087606B /* Resources */,
			);
			buildRules = (
			);
			dependencies = (
			);
			name = JBDropDownTableViewController;
			productName = JBDropDownTableViewController;
			productReference = AAB352B41D7019CA0087606B /* JBDropDownTableViewController.app */;
			productType = "com.apple.product-type.application";
		};
		AAB352CC1D7019CA0087606B /* JBDropDownTableViewControllerTests */ = {
			isa = PBXNativeTarget;
			buildConfigurationList = AAB352E41D7019CA0087606B /* Build configuration list for PBXNativeTarget "JBDropDownTableViewControllerTests" */;
			buildPhases = (
				AAB352C91D7019CA0087606B /* Sources */,
				AAB352CA1D7019CA0087606B /* Frameworks */,
				AAB352CB1D7019CA0087606B /* Resources */,
			);
			buildRules = (
			);
			dependencies = (
				AAB352CF1D7019CA0087606B /* PBXTargetDependency */,
			);
			name = JBDropDownTableViewControllerTests;
			productName = JBDropDownTableViewControllerTests;
			productReference = AAB352CD1D7019CA0087606B /* JBDropDownTableViewControllerTests.xctest */;
			productType = "com.apple.product-type.bundle.unit-test";
		};
		AAB352D71D7019CA0087606B /* JBDropDownTableViewControllerUITests */ = {
			isa = PBXNativeTarget;
			buildConfigurationList = AAB352E71D7019CA0087606B /* Build configuration list for PBXNativeTarget "JBDropDownTableViewControllerUITests" */;
			buildPhases = (
				AAB352D41D7019CA0087606B /* Sources */,
				AAB352D51D7019CA0087606B /* Frameworks */,
				AAB352D61D7019CA0087606B /* Resources */,
			);
			buildRules = (
			);
			dependencies = (
				AAB352DA1D7019CA0087606B /* PBXTargetDependency */,
			);
			name = JBDropDownTableViewControllerUITests;
			productName = JBDropDownTableViewControllerUITests;
			productReference = AAB352D81D7019CA0087606B /* JBDropDownTableViewControllerUITests.xctest */;
			productType = "com.apple.product-type.bundle.ui-testing";
		};
/* End PBXNativeTarget section */

/* Begin PBXProject section */
		AAB352AC1D7019CA0087606B /* Project object */ = {
			isa = PBXProject;
			attributes = {
				LastUpgradeCheck = 0720;
				ORGANIZATIONNAME = JianbingZhou;
				TargetAttributes = {
					AAB352B31D7019CA0087606B = {
						CreatedOnToolsVersion = 7.2;
					};
					AAB352CC1D7019CA0087606B = {
						CreatedOnToolsVersion = 7.2;
						TestTargetID = AAB352B31D7019CA0087606B;
					};
					AAB352D71D7019CA0087606B = {
						CreatedOnToolsVersion = 7.2;
						TestTargetID = AAB352B31D7019CA0087606B;
					};
				};
			};
			buildConfigurationList = AAB352AF1D7019CA0087606B /* Build configuration list for PBXProject "JBDropDownTableViewController" */;
			compatibilityVersion = "Xcode 3.2";
			developmentRegion = English;
			hasScannedForEncodings = 0;
			knownRegions = (
				en,
				Base,
			);
			mainGroup = AAB352AB1D7019CA0087606B;
			productRefGroup = AAB352B51D7019CA0087606B /* Products */;
			projectDirPath = "";
			projectRoot = "";
			targets = (
				AAB352B31D7019CA0087606B /* JBDropDownTableViewController */,
				AAB352CC1D7019CA0087606B /* JBDropDownTableViewControllerTests */,
				AAB352D71D7019CA0087606B /* JBDropDownTableViewControllerUITests */,
			);
		};
/* End PBXProject section */

/* Begin PBXResourcesBuildPhase section */
		AAB352B21D7019CA0087606B /* Resources */ = {
			isa = PBXResourcesBuildPhase;
			buildActionMask = 2147483647;
			files = (
				AAB352C71D7019CA0087606B /* LaunchScreen.storyboard in Resources */,
				AAB352C41D7019CA0087606B /* Assets.xcassets in Resources */,
				AAB352C21D7019CA0087606B /* Main.storyboard in Resources */,
			);
			runOnlyForDeploymentPostprocessing = 0;
		};
		AAB352CB1D7019CA0087606B /* Resources */ = {
			isa = PBXResourcesBuildPhase;
			buildActionMask = 2147483647;
			files = (
			);
			runOnlyForDeploymentPostprocessing = 0;
		};
		AAB352D61D7019CA0087606B /* Resources */ = {
			isa = PBXResourcesBuildPhase;
			buildActionMask = 2147483647;
			files = (
			);
			runOnlyForDeploymentPostprocessing = 0;
		};
/* End PBXResourcesBuildPhase section */

/* Begin PBXSourcesBuildPhase section */
		AAB352B01D7019CA0087606B /* Sources */ = {
			isa = PBXSourcesBuildPhase;
			buildActionMask = 2147483647;
			files = (
				AAB352BF1D7019CA0087606B /* ViewController.m in Sources */,
				AAB352BC1D7019CA0087606B /* AppDelegate.m in Sources */,
				AAB352EC1D701A0A0087606B /* JBDropDownTableViewController.m in Sources */,
				AAB352EF1D70284D0087606B /* SDAttachCell.m in Sources */,
				AAB352B91D7019CA0087606B /* main.m in Sources */,
			);
			runOnlyForDeploymentPostprocessing = 0;
		};
		AAB352C91D7019CA0087606B /* Sources */ = {
			isa = PBXSourcesBuildPhase;
			buildActionMask = 2147483647;
			files = (
				AAB352D21D7019CA0087606B /* JBDropDownTableViewControllerTests.m in Sources */,
			);
			runOnlyForDeploymentPostprocessing = 0;
		};
		AAB352D41D7019CA0087606B /* Sources */ = {
			isa = PBXSourcesBuildPhase;
			buildActionMask = 2147483647;
			files = (
				AAB352DD1D7019CA0087606B /* JBDropDownTableViewControllerUITests.m in Sources */,
			);
			runOnlyForDeploymentPostprocessing = 0;
		};
/* End PBXSourcesBuildPhase section */

/* Begin PBXTargetDependency section */
		AAB352CF1D7019CA0087606B /* PBXTargetDependency */ = {
			isa = PBXTargetDependency;
			target = AAB352B31D7019CA0087606B /* JBDropDownTableViewController */;
			targetProxy = AAB352CE1D7019CA0087606B /* PBXContainerItemProxy */;
		};
		AAB352DA1D7019CA0087606B /* PBXTargetDependency */ = {
			isa = PBXTargetDependency;
			target = AAB352B31D7019CA0087606B /* JBDropDownTableViewController */;
			targetProxy = AAB352D91D7019CA0087606B /* PBXContainerItemProxy */;
		};
/* End PBXTargetDependency section */

/* Begin PBXVariantGroup section */
		AAB352C01D7019CA0087606B /* Main.storyboard */ = {
			isa = PBXVariantGroup;
			children = (
				AAB352C11D7019CA0087606B /* Base */,
			);
			name = Main.storyboard;
			sourceTree = "<group>";
		};
		AAB352C51D7019CA0087606B /* LaunchScreen.storyboard */ = {
			isa = PBXVariantGroup;
			children = (
				AAB352C61D7019CA0087606B /* Base */,
			);
			name = LaunchScreen.storyboard;
			sourceTree = "<group>";
		};
/* End PBXVariantGroup section */

/* Begin XCBuildConfiguration section */
		AAB352DF1D7019CA0087606B /* Debug */ = {
			isa = XCBuildConfiguration;
			buildSettings = {
				ALWAYS_SEARCH_USER_PATHS = NO;
				CLANG_CXX_LANGUAGE_STANDARD = "gnu++0x";
				CLANG_CXX_LIBRARY = "libc++";
				CLANG_ENABLE_MODULES = YES;
				CLANG_ENABLE_OBJC_ARC = YES;
				CLANG_WARN_BOOL_CONVERSION = YES;
				CLANG_WARN_CONSTANT_CONVERSION = YES;
				CLANG_WARN_DIRECT_OBJC_ISA_USAGE = YES_ERROR;
				CLANG_WARN_EMPTY_BODY = YES;
				CLANG_WARN_ENUM_CONVERSION = YES;
				CLANG_WARN_INT_CONVERSION = YES;
				CLANG_WARN_OBJC_ROOT_CLASS = YES_ERROR;
				CLANG_WARN_UNREACHABLE_CODE = YES;
				CLANG_WARN__DUPLICATE_METHOD_MATCH = YES;
				"CODE_SIGN_IDENTITY[sdk=iphoneos*]" = "iPhone Developer";
				COPY_PHASE_STRIP = NO;
				DEBUG_INFORMATION_FORMAT = dwarf;
				ENABLE_STRICT_OBJC_MSGSEND = YES;
				ENABLE_TESTABILITY = YES;
				GCC_C_LANGUAGE_STANDARD = gnu99;
				GCC_DYNAMIC_NO_PIC = NO;
				GCC_NO_COMMON_BLOCKS = YES;
				GCC_OPTIMIZATION_LEVEL = 0;
				GCC_PREPROCESSOR_DEFINITIONS = (
					"DEBUG=1",
					"$(inherited)",
				);
				GCC_WARN_64_TO_32_BIT_CONVERSION = YES;
				GCC_WARN_ABOUT_RETURN_TYPE = YES_ERROR;
				GCC_WARN_UNDECLARED_SELECTOR = YES;
				GCC_WARN_UNINITIALIZED_AUTOS = YES_AGGRESSIVE;
				GCC_WARN_UNUSED_FUNCTION = YES;
				GCC_WARN_UNUSED_VARIABLE = YES;
				IPHONEOS_DEPLOYMENT_TARGET = 9.2;
				MTL_ENABLE_DEBUG_INFO = YES;
				ONLY_ACTIVE_ARCH = YES;
				SDKROOT = iphoneos;
			};
			name = Debug;
		};
		AAB352E01D7019CA0087606B /* Release */ = {
			isa = XCBuildConfiguration;
			buildSettings = {
				ALWAYS_SEARCH_USER_PATHS = NO;
				CLANG_CXX_LANGUAGE_STANDARD = "gnu++0x";
				CLANG_CXX_LIBRARY = "libc++";
				CLANG_ENABLE_MODULES = YES;
				CLANG_ENABLE_OBJC_ARC = YES;
				CLANG_WARN_BOOL_CONVERSION = YES;
				CLANG_WARN_CONSTANT_CONVERSION = YES;
				CLANG_WARN_DIRECT_OBJC_ISA_USAGE = YES_ERROR;
				CLANG_WARN_EMPTY_BODY = YES;
				CLANG_WARN_ENUM_CONVERSION = YES;
				CLANG_WARN_INT_CONVERSION = YES;
				CLANG_WARN_OBJC_ROOT_CLASS = YES_ERROR;
				CLANG_WARN_UNREACHABLE_CODE = YES;
				CLANG_WARN__DUPLICATE_METHOD_MATCH = YES;
				"CODE_SIGN_IDENTITY[sdk=iphoneos*]" = "iPhone Developer";
				COPY_PHASE_STRIP = NO;
				DEBUG_INFORMATION_FORMAT = "dwarf-with-dsym";
				ENABLE_NS_ASSERTIONS = NO;
				ENABLE_STRICT_OBJC_MSGSEND = YES;
				GCC_C_LANGUAGE_STANDARD = gnu99;
				GCC_NO_COMMON_BLOCKS = YES;
				GCC_WARN_64_TO_32_BIT_CONVERSION = YES;
				GCC_WARN_ABOUT_RETURN_TYPE = YES_ERROR;
				GCC_WARN_UNDECLARED_SELECTOR = YES;
				GCC_WARN_UNINITIALIZED_AUTOS = YES_AGGRESSIVE;
				GCC_WARN_UNUSED_FUNCTION = YES;
				GCC_WARN_UNUSED_VARIABLE = YES;
				IPHONEOS_DEPLOYMENT_TARGET = 9.2;
				MTL_ENABLE_DEBUG_INFO = NO;
				SDKROOT = iphoneos;
				VALIDATE_PRODUCT = YES;
			};
			name = Release;
		};
		AAB352E21D7019CA0087606B /* Debug */ = {
			isa = XCBuildConfiguration;
			buildSettings = {
				ASSETCATALOG_COMPILER_APPICON_NAME = AppIcon;
				INFOPLIST_FILE = JBDropDownTableViewController/Info.plist;
				LD_RUNPATH_SEARCH_PATHS = "$(inherited) @executable_path/Frameworks";
				PRODUCT_BUNDLE_IDENTIFIER = com.JianbingZhou.JBDropDownTableViewController;
				PRODUCT_NAME = "$(TARGET_NAME)";
			};
			name = Debug;
		};
		AAB352E31D7019CA0087606B /* Release */ = {
			isa = XCBuildConfiguration;
			buildSettings = {
				ASSETCATALOG_COMPILER_APPICON_NAME = AppIcon;
				INFOPLIST_FILE = JBDropDownTableViewController/Info.plist;
				LD_RUNPATH_SEARCH_PATHS = "$(inherited) @executable_path/Frameworks";
				PRODUCT_BUNDLE_IDENTIFIER = com.JianbingZhou.JBDropDownTableViewController;
				PRODUCT_NAME = "$(TARGET_NAME)";
			};
			name = Release;
		};
		AAB352E51D7019CA0087606B /* Debug */ = {
			isa = XCBuildConfiguration;
			buildSettings = {
				BUNDLE_LOADER = "$(TEST_HOST)";
				INFOPLIST_FILE = JBDropDownTableViewControllerTests/Info.plist;
				LD_RUNPATH_SEARCH_PATHS = "$(inherited) @executable_path/Frameworks @loader_path/Frameworks";
				PRODUCT_BUNDLE_IDENTIFIER = com.JianbingZhou.JBDropDownTableViewControllerTests;
				PRODUCT_NAME = "$(TARGET_NAME)";
				TEST_HOST = "$(BUILT_PRODUCTS_DIR)/JBDropDownTableViewController.app/JBDropDownTableViewController";
			};
			name = Debug;
		};
		AAB352E61D7019CA0087606B /* Release */ = {
			isa = XCBuildConfiguration;
			buildSettings = {
				BUNDLE_LOADER = "$(TEST_HOST)";
				INFOPLIST_FILE = JBDropDownTableViewControllerTests/Info.plist;
				LD_RUNPATH_SEARCH_PATHS = "$(inherited) @executable_path/Frameworks @loader_path/Frameworks";
				PRODUCT_BUNDLE_IDENTIFIER = com.JianbingZhou.JBDropDownTableViewControllerTests;
				PRODUCT_NAME = "$(TARGET_NAME)";
				TEST_HOST = "$(BUILT_PRODUCTS_DIR)/JBDropDownTableViewController.app/JBDropDownTableViewController";
			};
			name = Release;
		};
		AAB352E81D7019CA0087606B /* Debug */ = {
			isa = XCBuildConfiguration;
			buildSettings = {
				INFOPLIST_FILE = JBDropDownTableViewControllerUITests/Info.plist;
				LD_RUNPATH_SEARCH_PATHS = "$(inherited) @executable_path/Frameworks @loader_path/Frameworks";
				PRODUCT_BUNDLE_IDENTIFIER = com.JianbingZhou.JBDropDownTableViewControllerUITests;
				PRODUCT_NAME = "$(TARGET_NAME)";
				TEST_TARGET_NAME = JBDropDownTableViewController;
				USES_XCTRUNNER = YES;
			};
			name = Debug;
		};
		AAB352E91D7019CA0087606B /* Release */ = {
			isa = XCBuildConfiguration;
			buildSettings = {
				INFOPLIST_FILE = JBDropDownTableViewControllerUITests/Info.plist;
				LD_RUNPATH_SEARCH_PATHS = "$(inherited) @executable_path/Frameworks @loader_path/Frameworks";
				PRODUCT_BUNDLE_IDENTIFIER = com.JianbingZhou.JBDropDownTableViewControllerUITests;
				PRODUCT_NAME = "$(TARGET_NAME)";
				TEST_TARGET_NAME = JBDropDownTableViewController;
				USES_XCTRUNNER = YES;
			};
			name = Release;
		};
/* End XCBuildConfiguration section */

/* Begin XCConfigurationList section */
		AAB352AF1D7019CA0087606B /* Build configuration list for PBXProject "JBDropDownTableViewController" */ = {
			isa = XCConfigurationList;
			buildConfigurations = (
				AAB352DF1D7019CA0087606B /* Debug */,
				AAB352E01D7019CA0087606B /* Release */,
			);
			defaultConfigurationIsVisible = 0;
			defaultConfigurationName = Release;
		};
		AAB352E11D7019CA0087606B /* Build configuration list for PBXNativeTarget "JBDropDownTableViewController" */ = {
			isa = XCConfigurationList;
			buildConfigurations = (
				AAB352E21D7019CA0087606B /* Debug */,
				AAB352E31D7019CA0087606B /* Release */,
			);
			defaultConfigurationIsVisible = 0;
		};
		AAB352E41D7019CA0087606B /* Build configuration list for PBXNativeTarget "JBDropDownTableViewControllerTests" */ = {
			isa = XCConfigurationList;
			buildConfigurations = (
				AAB352E51D7019CA0087606B /* Debug */,
				AAB352E61D7019CA0087606B /* Release */,
			);
			defaultConfigurationIsVisible = 0;
		};
		AAB352E71D7019CA0087606B /* Build configuration list for PBXNativeTarget "JBDropDownTableViewControllerUITests" */ = {
			isa = XCConfigurationList;
			buildConfigurations = (
				AAB352E81D7019CA0087606B /* Debug */,
				AAB352E91D7019CA0087606B /* Release */,
			);
			defaultConfigurationIsVisible = 0;
		};
/* End XCConfigurationList section */
	};
	rootObject = AAB352AC1D7019CA0087606B /* Project object */;
}
